# THIS IS AN AUTOGENERATED FILE. DO NOT EDIT THIS FILE DIRECTLY.
# yarn lockfile v1


lodash@^4.17.4:
  version "4.17.4"
  resolved "https://registry.yarnpkg.com/lodash/-/lodash-4.17.4.tgz#78203a4d1c328ae1d86dca6460e369b57f4055ae"

min-heap@^0.2.3:
  version "0.2.3"
  resolved "https://registry.yarnpkg.com/min-heap/-/min-heap-0.2.3.tgz#1ebedf7cc5347d6a597d1a15196c97c223004e24"

"pretty-sort@https://github.com/jiayihu/pretty-algorithms.git#9f521c932d9e46d308ad99b420f8653d4d26bab4":
  version "1.0.0"
  resolved "https://github.com/jiayihu/pretty-algorithms.git#9f521c932d9e46d308ad99b420f8653d4d26bab4"
  dependencies:
    lodash "^4.17.4"
    min-heap "^0.2.3"
